// !$*UTF8*$!
{
	archiveVersion = 1;
	classes = {
	};
	objectVersion = 51;
	objects = {

/* Begin PBXBuildFile section */
		3A0AB43C24C95289001CF96E /* Refernce.swift in Sources */ = {isa = PBXBuildFile; fileRef = 3A0AB43B24C95289001CF96E /* Refernce.swift */; };
		3A0AB43E24C95391001CF96E /* Listner.swift in Sources */ = {isa = PBXBuildFile; fileRef = 3A0AB43D24C95391001CF96E /* Listner.swift */; };
		3A0AB44024C96081001CF96E /* MainTabBarController.swift in Sources */ = {isa = PBXBuildFile; fileRef = 3A0AB43F24C96081001CF96E /* MainTabBarController.swift */; };
		3A1EF64624C88D7B0018A5D5 /* SignUpViewController.swift in Sources */ = {isa = PBXBuildFile; fileRef = 3A1EF64524C88D7B0018A5D5 /* SignUpViewController.swift */; };
		3A2DCFEB24C93382002B1C6C /* User.swift in Sources */ = {isa = PBXBuildFile; fileRef = 3A2DCFEA24C93382002B1C6C /* User.swift */; };
		3A2DCFED24C93D54002B1C6C /* Constants.swift in Sources */ = {isa = PBXBuildFile; fileRef = 3A2DCFEC24C93D54002B1C6C /* Constants.swift */; };
		3A411C1724CBEA060041F402 /* CardViewController.swift in Sources */ = {isa = PBXBuildFile; fileRef = 3A411C1624CBEA060041F402 /* CardViewController.swift */; };
		3A411C1924CBEBD50041F402 /* UserCard.swift in Sources */ = {isa = PBXBuildFile; fileRef = 3A411C1824CBEBD50041F402 /* UserCard.swift */; };
		3A411C1B24CBECA00041F402 /* UserCardModel.swift in Sources */ = {isa = PBXBuildFile; fileRef = 3A411C1A24CBECA00041F402 /* UserCardModel.swift */; };
		3A411C1E24CBED850041F402 /* UserCardOverlay.swift in Sources */ = {isa = PBXBuildFile; fileRef = 3A411C1D24CBED850041F402 /* UserCardOverlay.swift */; };
		3A46EC8424CC058B00D92BC9 /* UserCardContentView.swift in Sources */ = {isa = PBXBuildFile; fileRef = 3A46EC8324CC058B00D92BC9 /* UserCardContentView.swift */; };
		3A46EC8624CC082700D92BC9 /* UserCardFooterView.swift in Sources */ = {isa = PBXBuildFile; fileRef = 3A46EC8524CC082700D92BC9 /* UserCardFooterView.swift */; };
		3A63CB2B24C871F8005E8A6D /* AppDelegate.swift in Sources */ = {isa = PBXBuildFile; fileRef = 3A63CB2A24C871F8005E8A6D /* AppDelegate.swift */; };
		3A63CB2D24C871F8005E8A6D /* SceneDelegate.swift in Sources */ = {isa = PBXBuildFile; fileRef = 3A63CB2C24C871F8005E8A6D /* SceneDelegate.swift */; };
		3A63CB3424C871FA005E8A6D /* Assets.xcassets in Resources */ = {isa = PBXBuildFile; fileRef = 3A63CB3324C871FA005E8A6D /* Assets.xcassets */; };
		3A63CB3724C871FA005E8A6D /* LaunchScreen.storyboard in Resources */ = {isa = PBXBuildFile; fileRef = 3A63CB3524C871FA005E8A6D /* LaunchScreen.storyboard */; };
		3A63CB3F24C873C0005E8A6D /* GoogleService-Info.plist in Resources */ = {isa = PBXBuildFile; fileRef = 3A63CB3E24C873C0005E8A6D /* GoogleService-Info.plist */; };
		3A63CB4224C878F7005E8A6D /* LoginViewController.swift in Sources */ = {isa = PBXBuildFile; fileRef = 3A63CB4124C878F7005E8A6D /* LoginViewController.swift */; };
		3A63CB4524C8795E005E8A6D /* Extensions.swift in Sources */ = {isa = PBXBuildFile; fileRef = 3A63CB4424C8795E005E8A6D /* Extensions.swift */; };
		3A63CB4724C879BA005E8A6D /* Reachbility.swift in Sources */ = {isa = PBXBuildFile; fileRef = 3A63CB4624C879BA005E8A6D /* Reachbility.swift */; };
		3A63CB4924C88690005E8A6D /* GradientButton.swift in Sources */ = {isa = PBXBuildFile; fileRef = 3A63CB4824C88690005E8A6D /* GradientButton.swift */; };
		3AD0A34A24C98E5A009FB7D0 /* ProfileViewController.swift in Sources */ = {isa = PBXBuildFile; fileRef = 3AD0A34924C98E5A009FB7D0 /* ProfileViewController.swift */; };
		3AD0A34E24C993CB009FB7D0 /* ContentCell.swift in Sources */ = {isa = PBXBuildFile; fileRef = 3AD0A34D24C993CB009FB7D0 /* ContentCell.swift */; };
		3AD0A35024C99B6F009FB7D0 /* AboutCell.swift in Sources */ = {isa = PBXBuildFile; fileRef = 3AD0A34F24C99B6F009FB7D0 /* AboutCell.swift */; };
		3AD3783024CAA4BB0072EAF6 /* FileStoroge.swift in Sources */ = {isa = PBXBuildFile; fileRef = 3AD3782F24CAA4BB0072EAF6 /* FileStoroge.swift */; };
		B9B92D22F2BD83B3BBA18265 /* Pods_MeetUp.framework in Frameworks */ = {isa = PBXBuildFile; fileRef = 6786467AC5395C5E23901881 /* Pods_MeetUp.framework */; };
/* End PBXBuildFile section */

/* Begin PBXFileReference section */
		14979ABCD10151B3D0EDEB3E /* Pods-MeetUp.debug.xcconfig */ = {isa = PBXFileReference; includeInIndex = 1; lastKnownFileType = text.xcconfig; name = "Pods-MeetUp.debug.xcconfig"; path = "Target Support Files/Pods-MeetUp/Pods-MeetUp.debug.xcconfig"; sourceTree = "<group>"; };
		3A0AB43B24C95289001CF96E /* Refernce.swift */ = {isa = PBXFileReference; lastKnownFileType = sourcecode.swift; path = Refernce.swift; sourceTree = "<group>"; };
		3A0AB43D24C95391001CF96E /* Listner.swift */ = {isa = PBXFileReference; lastKnownFileType = sourcecode.swift; path = Listner.swift; sourceTree = "<group>"; };
		3A0AB43F24C96081001CF96E /* MainTabBarController.swift */ = {isa = PBXFileReference; lastKnownFileType = sourcecode.swift; path = MainTabBarController.swift; sourceTree = "<group>"; };
		3A1EF64524C88D7B0018A5D5 /* SignUpViewController.swift */ = {isa = PBXFileReference; lastKnownFileType = sourcecode.swift; path = SignUpViewController.swift; sourceTree = "<group>"; };
		3A2DCFEA24C93382002B1C6C /* User.swift */ = {isa = PBXFileReference; lastKnownFileType = sourcecode.swift; path = User.swift; sourceTree = "<group>"; };
		3A2DCFEC24C93D54002B1C6C /* Constants.swift */ = {isa = PBXFileReference; lastKnownFileType = sourcecode.swift; path = Constants.swift; sourceTree = "<group>"; };
		3A411C1624CBEA060041F402 /* CardViewController.swift */ = {isa = PBXFileReference; lastKnownFileType = sourcecode.swift; path = CardViewController.swift; sourceTree = "<group>"; };
		3A411C1824CBEBD50041F402 /* UserCard.swift */ = {isa = PBXFileReference; lastKnownFileType = sourcecode.swift; path = UserCard.swift; sourceTree = "<group>"; };
		3A411C1A24CBECA00041F402 /* UserCardModel.swift */ = {isa = PBXFileReference; lastKnownFileType = sourcecode.swift; path = UserCardModel.swift; sourceTree = "<group>"; };
		3A411C1D24CBED850041F402 /* UserCardOverlay.swift */ = {isa = PBXFileReference; lastKnownFileType = sourcecode.swift; path = UserCardOverlay.swift; sourceTree = "<group>"; };
		3A46EC8324CC058B00D92BC9 /* UserCardContentView.swift */ = {isa = PBXFileReference; lastKnownFileType = sourcecode.swift; path = UserCardContentView.swift; sourceTree = "<group>"; };
		3A46EC8524CC082700D92BC9 /* UserCardFooterView.swift */ = {isa = PBXFileReference; lastKnownFileType = sourcecode.swift; path = UserCardFooterView.swift; sourceTree = "<group>"; };
		3A63CB2724C871F8005E8A6D /* MeetUp.app */ = {isa = PBXFileReference; explicitFileType = wrapper.application; includeInIndex = 0; path = MeetUp.app; sourceTree = BUILT_PRODUCTS_DIR; };
		3A63CB2A24C871F8005E8A6D /* AppDelegate.swift */ = {isa = PBXFileReference; lastKnownFileType = sourcecode.swift; path = AppDelegate.swift; sourceTree = "<group>"; };
		3A63CB2C24C871F8005E8A6D /* SceneDelegate.swift */ = {isa = PBXFileReference; lastKnownFileType = sourcecode.swift; path = SceneDelegate.swift; sourceTree = "<group>"; };
		3A63CB3324C871FA005E8A6D /* Assets.xcassets */ = {isa = PBXFileReference; lastKnownFileType = folder.assetcatalog; path = Assets.xcassets; sourceTree = "<group>"; };
		3A63CB3624C871FA005E8A6D /* Base */ = {isa = PBXFileReference; lastKnownFileType = file.storyboard; name = Base; path = Base.lproj/LaunchScreen.storyboard; sourceTree = "<group>"; };
		3A63CB3824C871FA005E8A6D /* Info.plist */ = {isa = PBXFileReference; lastKnownFileType = text.plist.xml; path = Info.plist; sourceTree = "<group>"; };
		3A63CB3E24C873C0005E8A6D /* GoogleService-Info.plist */ = {isa = PBXFileReference; fileEncoding = 4; lastKnownFileType = text.plist.xml; path = "GoogleService-Info.plist"; sourceTree = "<group>"; };
		3A63CB4124C878F7005E8A6D /* LoginViewController.swift */ = {isa = PBXFileReference; lastKnownFileType = sourcecode.swift; path = LoginViewController.swift; sourceTree = "<group>"; };
		3A63CB4424C8795E005E8A6D /* Extensions.swift */ = {isa = PBXFileReference; lastKnownFileType = sourcecode.swift; path = Extensions.swift; sourceTree = "<group>"; };
		3A63CB4624C879BA005E8A6D /* Reachbility.swift */ = {isa = PBXFileReference; lastKnownFileType = sourcecode.swift; path = Reachbility.swift; sourceTree = "<group>"; };
		3A63CB4824C88690005E8A6D /* GradientButton.swift */ = {isa = PBXFileReference; lastKnownFileType = sourcecode.swift; path = GradientButton.swift; sourceTree = "<group>"; };
		3AD0A34924C98E5A009FB7D0 /* ProfileViewController.swift */ = {isa = PBXFileReference; lastKnownFileType = sourcecode.swift; path = ProfileViewController.swift; sourceTree = "<group>"; };
		3AD0A34D24C993CB009FB7D0 /* ContentCell.swift */ = {isa = PBXFileReference; lastKnownFileType = sourcecode.swift; path = ContentCell.swift; sourceTree = "<group>"; };
		3AD0A34F24C99B6F009FB7D0 /* AboutCell.swift */ = {isa = PBXFileReference; lastKnownFileType = sourcecode.swift; path = AboutCell.swift; sourceTree = "<group>"; };
		3AD3782F24CAA4BB0072EAF6 /* FileStoroge.swift */ = {isa = PBXFileReference; lastKnownFileType = sourcecode.swift; path = FileStoroge.swift; sourceTree = "<group>"; };
		6786467AC5395C5E23901881 /* Pods_MeetUp.framework */ = {isa = PBXFileReference; explicitFileType = wrapper.framework; includeInIndex = 0; path = Pods_MeetUp.framework; sourceTree = BUILT_PRODUCTS_DIR; };
		FDA1FCD0B42AA811B56F58C1 /* Pods-MeetUp.release.xcconfig */ = {isa = PBXFileReference; includeInIndex = 1; lastKnownFileType = text.xcconfig; name = "Pods-MeetUp.release.xcconfig"; path = "Target Support Files/Pods-MeetUp/Pods-MeetUp.release.xcconfig"; sourceTree = "<group>"; };
/* End PBXFileReference section */

/* Begin PBXFrameworksBuildPhase section */
		3A63CB2424C871F8005E8A6D /* Frameworks */ = {
			isa = PBXFrameworksBuildPhase;
			buildActionMask = 2147483647;
			files = (
				B9B92D22F2BD83B3BBA18265 /* Pods_MeetUp.framework in Frameworks */,
			);
			runOnlyForDeploymentPostprocessing = 0;
		};
/* End PBXFrameworksBuildPhase section */

/* Begin PBXGroup section */
		39429F7682EA412E6C53EC2F /* Pods */ = {
			isa = PBXGroup;
			children = (
				14979ABCD10151B3D0EDEB3E /* Pods-MeetUp.debug.xcconfig */,
				FDA1FCD0B42AA811B56F58C1 /* Pods-MeetUp.release.xcconfig */,
			);
			path = Pods;
			sourceTree = "<group>";
		};
		3A1EF64424C88D610018A5D5 /* Auth */ = {
			isa = PBXGroup;
			children = (
				3A63CB4124C878F7005E8A6D /* LoginViewController.swift */,
				3A1EF64524C88D7B0018A5D5 /* SignUpViewController.swift */,
			);
			path = Auth;
			sourceTree = "<group>";
		};
		3A2DCFE424C93285002B1C6C /* API */ = {
			isa = PBXGroup;
			children = (
			);
			path = API;
			sourceTree = "<group>";
		};
		3A2DCFE724C9334A002B1C6C /* Model */ = {
			isa = PBXGroup;
			children = (
				3A2DCFEA24C93382002B1C6C /* User.swift */,
				3A411C1C24CBED5A0041F402 /* CardViews */,
			);
			path = Model;
			sourceTree = "<group>";
		};
		3A411C1C24CBED5A0041F402 /* CardViews */ = {
			isa = PBXGroup;
			children = (
				3A411C1824CBEBD50041F402 /* UserCard.swift */,
				3A411C1A24CBECA00041F402 /* UserCardModel.swift */,
				3A411C1D24CBED850041F402 /* UserCardOverlay.swift */,
				3A46EC8324CC058B00D92BC9 /* UserCardContentView.swift */,
				3A46EC8524CC082700D92BC9 /* UserCardFooterView.swift */,
			);
			path = CardViews;
			sourceTree = "<group>";
		};
		3A63CB1E24C871F8005E8A6D = {
			isa = PBXGroup;
			children = (
				3A63CB2924C871F8005E8A6D /* MeetUp */,
				3A63CB2824C871F8005E8A6D /* Products */,
				39429F7682EA412E6C53EC2F /* Pods */,
				C0FD9BFEE877ADC79FEA75B8 /* Frameworks */,
			);
			sourceTree = "<group>";
		};
		3A63CB2824C871F8005E8A6D /* Products */ = {
			isa = PBXGroup;
			children = (
				3A63CB2724C871F8005E8A6D /* MeetUp.app */,
			);
			name = Products;
			sourceTree = "<group>";
		};
		3A63CB2924C871F8005E8A6D /* MeetUp */ = {
			isa = PBXGroup;
			children = (
				3A63CB2A24C871F8005E8A6D /* AppDelegate.swift */,
				3A63CB2C24C871F8005E8A6D /* SceneDelegate.swift */,
				3A2DCFE724C9334A002B1C6C /* Model */,
				3AD0A34B24C993A1009FB7D0 /* View */,
				3A63CB4024C878E3005E8A6D /* ViewController */,
				3A2DCFE424C93285002B1C6C /* API */,
				3A63CB4324C87945005E8A6D /* Extension */,
				3A63CB3324C871FA005E8A6D /* Assets.xcassets */,
				3A63CB3524C871FA005E8A6D /* LaunchScreen.storyboard */,
				3A63CB3824C871FA005E8A6D /* Info.plist */,
				3A63CB3E24C873C0005E8A6D /* GoogleService-Info.plist */,
			);
			path = MeetUp;
			sourceTree = "<group>";
		};
		3A63CB4024C878E3005E8A6D /* ViewController */ = {
			isa = PBXGroup;
			children = (
				3A1EF64424C88D610018A5D5 /* Auth */,
				3A0AB43F24C96081001CF96E /* MainTabBarController.swift */,
				3AD0A34924C98E5A009FB7D0 /* ProfileViewController.swift */,
				3A411C1624CBEA060041F402 /* CardViewController.swift */,
			);
			path = ViewController;
			sourceTree = "<group>";
		};
		3A63CB4324C87945005E8A6D /* Extension */ = {
			isa = PBXGroup;
			children = (
				3A63CB4424C8795E005E8A6D /* Extensions.swift */,
				3A63CB4624C879BA005E8A6D /* Reachbility.swift */,
				3A63CB4824C88690005E8A6D /* GradientButton.swift */,
				3A2DCFEC24C93D54002B1C6C /* Constants.swift */,
				3A0AB43B24C95289001CF96E /* Refernce.swift */,
				3A0AB43D24C95391001CF96E /* Listner.swift */,
				3AD3782F24CAA4BB0072EAF6 /* FileStoroge.swift */,
			);
			path = Extension;
			sourceTree = "<group>";
		};
		3AD0A34B24C993A1009FB7D0 /* View */ = {
			isa = PBXGroup;
			children = (
				3AD0A34C24C993AB009FB7D0 /* Profile */,
			);
			path = View;
			sourceTree = "<group>";
		};
		3AD0A34C24C993AB009FB7D0 /* Profile */ = {
			isa = PBXGroup;
			children = (
				3AD0A34D24C993CB009FB7D0 /* ContentCell.swift */,
				3AD0A34F24C99B6F009FB7D0 /* AboutCell.swift */,
			);
			path = Profile;
			sourceTree = "<group>";
		};
		C0FD9BFEE877ADC79FEA75B8 /* Frameworks */ = {
			isa = PBXGroup;
			children = (
				6786467AC5395C5E23901881 /* Pods_MeetUp.framework */,
			);
			name = Frameworks;
			sourceTree = "<group>";
		};
/* End PBXGroup section */

/* Begin PBXNativeTarget section */
		3A63CB2624C871F8005E8A6D /* MeetUp */ = {
			isa = PBXNativeTarget;
			buildConfigurationList = 3A63CB3B24C871FA005E8A6D /* Build configuration list for PBXNativeTarget "MeetUp" */;
			buildPhases = (
				C5EC3AAA251368805C3F63AA /* [CP] Check Pods Manifest.lock */,
				3A63CB2324C871F8005E8A6D /* Sources */,
				3A63CB2424C871F8005E8A6D /* Frameworks */,
				3A63CB2524C871F8005E8A6D /* Resources */,
				99CBA97FC08F9B72FD703767 /* [CP] Embed Pods Frameworks */,
			);
			buildRules = (
			);
			dependencies = (
			);
			name = MeetUp;
			productName = MeetUp;
			productReference = 3A63CB2724C871F8005E8A6D /* MeetUp.app */;
			productType = "com.apple.product-type.application";
		};
/* End PBXNativeTarget section */

/* Begin PBXProject section */
		3A63CB1F24C871F8005E8A6D /* Project object */ = {
			isa = PBXProject;
			attributes = {
				LastSwiftUpdateCheck = 1160;
				LastUpgradeCheck = 1160;
				ORGANIZATIONNAME = "Yuuki sakai";
				TargetAttributes = {
					3A63CB2624C871F8005E8A6D = {
						CreatedOnToolsVersion = 11.6;
					};
				};
			};
			buildConfigurationList = 3A63CB2224C871F8005E8A6D /* Build configuration list for PBXProject "MeetUp" */;
			compatibilityVersion = "Xcode 9.3";
			developmentRegion = en;
			hasScannedForEncodings = 0;
			knownRegions = (
				en,
				Base,
			);
			mainGroup = 3A63CB1E24C871F8005E8A6D;
			productRefGroup = 3A63CB2824C871F8005E8A6D /* Products */;
			projectDirPath = "";
			projectRoot = "";
			targets = (
				3A63CB2624C871F8005E8A6D /* MeetUp */,
			);
		};
/* End PBXProject section */

/* Begin PBXResourcesBuildPhase section */
		3A63CB2524C871F8005E8A6D /* Resources */ = {
			isa = PBXResourcesBuildPhase;
			buildActionMask = 2147483647;
			files = (
				3A63CB3724C871FA005E8A6D /* LaunchScreen.storyboard in Resources */,
				3A63CB3424C871FA005E8A6D /* Assets.xcassets in Resources */,
				3A63CB3F24C873C0005E8A6D /* GoogleService-Info.plist in Resources */,
			);
			runOnlyForDeploymentPostprocessing = 0;
		};
/* End PBXResourcesBuildPhase section */

/* Begin PBXShellScriptBuildPhase section */
		99CBA97FC08F9B72FD703767 /* [CP] Embed Pods Frameworks */ = {
			isa = PBXShellScriptBuildPhase;
			buildActionMask = 2147483647;
			files = (
			);
			inputFileListPaths = (
				"${PODS_ROOT}/Target Support Files/Pods-MeetUp/Pods-MeetUp-frameworks-${CONFIGURATION}-input-files.xcfilelist",
			);
			name = "[CP] Embed Pods Frameworks";
			outputFileListPaths = (
				"${PODS_ROOT}/Target Support Files/Pods-MeetUp/Pods-MeetUp-frameworks-${CONFIGURATION}-output-files.xcfilelist",
			);
			runOnlyForDeploymentPostprocessing = 0;
			shellPath = /bin/sh;
			shellScript = "\"${PODS_ROOT}/Target Support Files/Pods-MeetUp/Pods-MeetUp-frameworks.sh\"\n";
			showEnvVarsInLog = 0;
		};
		C5EC3AAA251368805C3F63AA /* [CP] Check Pods Manifest.lock */ = {
			isa = PBXShellScriptBuildPhase;
			buildActionMask = 2147483647;
			files = (
			);
			inputFileListPaths = (
			);
			inputPaths = (
				"${PODS_PODFILE_DIR_PATH}/Podfile.lock",
				"${PODS_ROOT}/Manifest.lock",
			);
			name = "[CP] Check Pods Manifest.lock";
			outputFileListPaths = (
			);
			outputPaths = (
				"$(DERIVED_FILE_DIR)/Pods-MeetUp-checkManifestLockResult.txt",
			);
			runOnlyForDeploymentPostprocessing = 0;
			shellPath = /bin/sh;
			shellScript = "diff \"${PODS_PODFILE_DIR_PATH}/Podfile.lock\" \"${PODS_ROOT}/Manifest.lock\" > /dev/null\nif [ $? != 0 ] ; then\n    # print error to STDERR\n    echo \"error: The sandbox is not in sync with the Podfile.lock. Run 'pod install' or update your CocoaPods installation.\" >&2\n    exit 1\nfi\n# This output is used by Xcode 'outputs' to avoid re-running this script phase.\necho \"SUCCESS\" > \"${SCRIPT_OUTPUT_FILE_0}\"\n";
			showEnvVarsInLog = 0;
		};
/* End PBXShellScriptBuildPhase section */

/* Begin PBXSourcesBuildPhase section */
		3A63CB2324C871F8005E8A6D /* Sources */ = {
			isa = PBXSourcesBuildPhase;
			buildActionMask = 2147483647;
			files = (
				3A411C1B24CBECA00041F402 /* UserCardModel.swift in Sources */,
				3A63CB4224C878F7005E8A6D /* LoginViewController.swift in Sources */,
				3AD0A34E24C993CB009FB7D0 /* ContentCell.swift in Sources */,
				3A46EC8624CC082700D92BC9 /* UserCardFooterView.swift in Sources */,
				3AD0A35024C99B6F009FB7D0 /* AboutCell.swift in Sources */,
				3A63CB4924C88690005E8A6D /* GradientButton.swift in Sources */,
				3A411C1924CBEBD50041F402 /* UserCard.swift in Sources */,
				3A0AB44024C96081001CF96E /* MainTabBarController.swift in Sources */,
				3A1EF64624C88D7B0018A5D5 /* SignUpViewController.swift in Sources */,
				3A63CB2B24C871F8005E8A6D /* AppDelegate.swift in Sources */,
				3A2DCFEB24C93382002B1C6C /* User.swift in Sources */,
				3A411C1724CBEA060041F402 /* CardViewController.swift in Sources */,
				3A411C1E24CBED850041F402 /* UserCardOverlay.swift in Sources */,
				3A63CB4724C879BA005E8A6D /* Reachbility.swift in Sources */,
				3A63CB2D24C871F8005E8A6D /* SceneDelegate.swift in Sources */,
				3A0AB43C24C95289001CF96E /* Refernce.swift in Sources */,
				3A46EC8424CC058B00D92BC9 /* UserCardContentView.swift in Sources */,
				3A63CB4524C8795E005E8A6D /* Extensions.swift in Sources */,
				3AD0A34A24C98E5A009FB7D0 /* ProfileViewController.swift in Sources */,
				3A0AB43E24C95391001CF96E /* Listner.swift in Sources */,
				3A2DCFED24C93D54002B1C6C /* Constants.swift in Sources */,
				3AD3783024CAA4BB0072EAF6 /* FileStoroge.swift in Sources */,
			);
			runOnlyForDeploymentPostprocessing = 0;
		};
/* End PBXSourcesBuildPhase section */

/* Begin PBXVariantGroup section */
		3A63CB3524C871FA005E8A6D /* LaunchScreen.storyboard */ = {
			isa = PBXVariantGroup;
			children = (
				3A63CB3624C871FA005E8A6D /* Base */,
			);
			name = LaunchScreen.storyboard;
			sourceTree = "<group>";
		};
/* End PBXVariantGroup section */

/* Begin XCBuildConfiguration section */
		3A63CB3924C871FA005E8A6D /* Debug */ = {
			isa = XCBuildConfiguration;
			buildSettings = {
				ALWAYS_SEARCH_USER_PATHS = NO;
				CLANG_ANALYZER_NONNULL = YES;
				CLANG_ANALYZER_NUMBER_OBJECT_CONVERSION = YES_AGGRESSIVE;
				CLANG_CXX_LANGUAGE_STANDARD = "gnu++14";
				CLANG_CXX_LIBRARY = "libc++";
				CLANG_ENABLE_MODULES = YES;
				CLANG_ENABLE_OBJC_ARC = YES;
				CLANG_ENABLE_OBJC_WEAK = YES;
				CLANG_WARN_BLOCK_CAPTURE_AUTORELEASING = YES;
				CLANG_WARN_BOOL_CONVERSION = YES;
				CLANG_WARN_COMMA = YES;
				CLANG_WARN_CONSTANT_CONVERSION = YES;
				CLANG_WARN_DEPRECATED_OBJC_IMPLEMENTATIONS = YES;
				CLANG_WARN_DIRECT_OBJC_ISA_USAGE = YES_ERROR;
				CLANG_WARN_DOCUMENTATION_COMMENTS = YES;
				CLANG_WARN_EMPTY_BODY = YES;
				CLANG_WARN_ENUM_CONVERSION = YES;
				CLANG_WARN_INFINITE_RECURSION = YES;
				CLANG_WARN_INT_CONVERSION = YES;
				CLANG_WARN_NON_LITERAL_NULL_CONVERSION = YES;
				CLANG_WARN_OBJC_IMPLICIT_RETAIN_SELF = YES;
				CLANG_WARN_OBJC_LITERAL_CONVERSION = YES;
				CLANG_WARN_OBJC_ROOT_CLASS = YES_ERROR;
				CLANG_WARN_RANGE_LOOP_ANALYSIS = YES;
				CLANG_WARN_STRICT_PROTOTYPES = YES;
				CLANG_WARN_SUSPICIOUS_MOVE = YES;
				CLANG_WARN_UNGUARDED_AVAILABILITY = YES_AGGRESSIVE;
				CLANG_WARN_UNREACHABLE_CODE = YES;
				CLANG_WARN__DUPLICATE_METHOD_MATCH = YES;
				COPY_PHASE_STRIP = NO;
				DEBUG_INFORMATION_FORMAT = dwarf;
				ENABLE_STRICT_OBJC_MSGSEND = YES;
				ENABLE_TESTABILITY = YES;
				GCC_C_LANGUAGE_STANDARD = gnu11;
				GCC_DYNAMIC_NO_PIC = NO;
				GCC_NO_COMMON_BLOCKS = YES;
				GCC_OPTIMIZATION_LEVEL = 0;
				GCC_PREPROCESSOR_DEFINITIONS = (
					"DEBUG=1",
					"$(inherited)",
				);
				GCC_WARN_64_TO_32_BIT_CONVERSION = YES;
				GCC_WARN_ABOUT_RETURN_TYPE = YES_ERROR;
				GCC_WARN_UNDECLARED_SELECTOR = YES;
				GCC_WARN_UNINITIALIZED_AUTOS = YES_AGGRESSIVE;
				GCC_WARN_UNUSED_FUNCTION = YES;
				GCC_WARN_UNUSED_VARIABLE = YES;
				IPHONEOS_DEPLOYMENT_TARGET = 13.6;
				MTL_ENABLE_DEBUG_INFO = INCLUDE_SOURCE;
				MTL_FAST_MATH = YES;
				ONLY_ACTIVE_ARCH = YES;
				SDKROOT = iphoneos;
				SWIFT_ACTIVE_COMPILATION_CONDITIONS = DEBUG;
				SWIFT_OPTIMIZATION_LEVEL = "-Onone";
			};
			name = Debug;
		};
		3A63CB3A24C871FA005E8A6D /* Release */ = {
			isa = XCBuildConfiguration;
			buildSettings = {
				ALWAYS_SEARCH_USER_PATHS = NO;
				CLANG_ANALYZER_NONNULL = YES;
				CLANG_ANALYZER_NUMBER_OBJECT_CONVERSION = YES_AGGRESSIVE;
				CLANG_CXX_LANGUAGE_STANDARD = "gnu++14";
				CLANG_CXX_LIBRARY = "libc++";
				CLANG_ENABLE_MODULES = YES;
				CLANG_ENABLE_OBJC_ARC = YES;
				CLANG_ENABLE_OBJC_WEAK = YES;
				CLANG_WARN_BLOCK_CAPTURE_AUTORELEASING = YES;
				CLANG_WARN_BOOL_CONVERSION = YES;
				CLANG_WARN_COMMA = YES;
				CLANG_WARN_CONSTANT_CONVERSION = YES;
				CLANG_WARN_DEPRECATED_OBJC_IMPLEMENTATIONS = YES;
				CLANG_WARN_DIRECT_OBJC_ISA_USAGE = YES_ERROR;
				CLANG_WARN_DOCUMENTATION_COMMENTS = YES;
				CLANG_WARN_EMPTY_BODY = YES;
				CLANG_WARN_ENUM_CONVERSION = YES;
				CLANG_WARN_INFINITE_RECURSION = YES;
				CLANG_WARN_INT_CONVERSION = YES;
				CLANG_WARN_NON_LITERAL_NULL_CONVERSION = YES;
				CLANG_WARN_OBJC_IMPLICIT_RETAIN_SELF = YES;
				CLANG_WARN_OBJC_LITERAL_CONVERSION = YES;
				CLANG_WARN_OBJC_ROOT_CLASS = YES_ERROR;
				CLANG_WARN_RANGE_LOOP_ANALYSIS = YES;
				CLANG_WARN_STRICT_PROTOTYPES = YES;
				CLANG_WARN_SUSPICIOUS_MOVE = YES;
				CLANG_WARN_UNGUARDED_AVAILABILITY = YES_AGGRESSIVE;
				CLANG_WARN_UNREACHABLE_CODE = YES;
				CLANG_WARN__DUPLICATE_METHOD_MATCH = YES;
				COPY_PHASE_STRIP = NO;
				DEBUG_INFORMATION_FORMAT = "dwarf-with-dsym";
				ENABLE_NS_ASSERTIONS = NO;
				ENABLE_STRICT_OBJC_MSGSEND = YES;
				GCC_C_LANGUAGE_STANDARD = gnu11;
				GCC_NO_COMMON_BLOCKS = YES;
				GCC_WARN_64_TO_32_BIT_CONVERSION = YES;
				GCC_WARN_ABOUT_RETURN_TYPE = YES_ERROR;
				GCC_WARN_UNDECLARED_SELECTOR = YES;
				GCC_WARN_UNINITIALIZED_AUTOS = YES_AGGRESSIVE;
				GCC_WARN_UNUSED_FUNCTION = YES;
				GCC_WARN_UNUSED_VARIABLE = YES;
				IPHONEOS_DEPLOYMENT_TARGET = 13.6;
				MTL_ENABLE_DEBUG_INFO = NO;
				MTL_FAST_MATH = YES;
				SDKROOT = iphoneos;
				SWIFT_COMPILATION_MODE = wholemodule;
				SWIFT_OPTIMIZATION_LEVEL = "-O";
				VALIDATE_PRODUCT = YES;
			};
			name = Release;
		};
		3A63CB3C24C871FA005E8A6D /* Debug */ = {
			isa = XCBuildConfiguration;
			baseConfigurationReference = 14979ABCD10151B3D0EDEB3E /* Pods-MeetUp.debug.xcconfig */;
			buildSettings = {
				ASSETCATALOG_COMPILER_APPICON_NAME = AppIcon;
				CODE_SIGN_STYLE = Automatic;
				DEVELOPMENT_TEAM = 4KJFNVZ8R6;
				INFOPLIST_FILE = MeetUp/Info.plist;
				LD_RUNPATH_SEARCH_PATHS = (
					"$(inherited)",
					"@executable_path/Frameworks",
				);
				PRODUCT_BUNDLE_IDENTIFIER = mineo.jp.mac.pop.MeetUp;
				PRODUCT_NAME = "$(TARGET_NAME)";
				SWIFT_VERSION = 5.0;
				TARGETED_DEVICE_FAMILY = "1,2";
			};
			name = Debug;
		};
		3A63CB3D24C871FA005E8A6D /* Release */ = {
			isa = XCBuildConfiguration;
			baseConfigurationReference = FDA1FCD0B42AA811B56F58C1 /* Pods-MeetUp.release.xcconfig */;
			buildSettings = {
				ASSETCATALOG_COMPILER_APPICON_NAME = AppIcon;
				CODE_SIGN_STYLE = Automatic;
				DEVELOPMENT_TEAM = 4KJFNVZ8R6;
				INFOPLIST_FILE = MeetUp/Info.plist;
				LD_RUNPATH_SEARCH_PATHS = (
					"$(inherited)",
					"@executable_path/Frameworks",
				);
				PRODUCT_BUNDLE_IDENTIFIER = mineo.jp.mac.pop.MeetUp;
				PRODUCT_NAME = "$(TARGET_NAME)";
				SWIFT_VERSION = 5.0;
				TARGETED_DEVICE_FAMILY = "1,2";
			};
			name = Release;
		};
/* End XCBuildConfiguration section */

/* Begin XCConfigurationList section */
		3A63CB2224C871F8005E8A6D /* Build configuration list for PBXProject "MeetUp" */ = {
			isa = XCConfigurationList;
			buildConfigurations = (
				3A63CB3924C871FA005E8A6D /* Debug */,
				3A63CB3A24C871FA005E8A6D /* Release */,
			);
			defaultConfigurationIsVisible = 0;
			defaultConfigurationName = Release;
		};
		3A63CB3B24C871FA005E8A6D /* Build configuration list for PBXNativeTarget "MeetUp" */ = {
			isa = XCConfigurationList;
			buildConfigurations = (
				3A63CB3C24C871FA005E8A6D /* Debug */,
				3A63CB3D24C871FA005E8A6D /* Release */,
			);
			defaultConfigurationIsVisible = 0;
			defaultConfigurationName = Release;
		};
/* End XCConfigurationList section */
	};
	rootObject = 3A63CB1F24C871F8005E8A6D /* Project object */;
}
